// !$*UTF8*$!
{
	archiveVersion = 1;
	classes = {
	};
	objectVersion = 52;
	objects = {

/* Begin PBXBuildFile section */
		AE33352AC64D774581B089EF /* Pods_Exider_org.framework in Frameworks */ = {isa = PBXBuildFile; fileRef = C12D7760E304F5188E782C6F /* Pods_Exider_org.framework */; };
		D0117885233F787200773E34 /* RegisterViewController.swift in Sources */ = {isa = PBXBuildFile; fileRef = D0117884233F787200773E34 /* RegisterViewController.swift */; };
		D0117887233F7B8900773E34 /* MainViewController.swift in Sources */ = {isa = PBXBuildFile; fileRef = D0117886233F7B8900773E34 /* MainViewController.swift */; };
		D04A7BE7233E5C1D00923F5B /* AppDelegate.swift in Sources */ = {isa = PBXBuildFile; fileRef = D04A7BE6233E5C1D00923F5B /* AppDelegate.swift */; };
		D04A7BE9233E5C1D00923F5B /* ViewController.swift in Sources */ = {isa = PBXBuildFile; fileRef = D04A7BE8233E5C1D00923F5B /* ViewController.swift */; };
		D04A7BEC233E5C1D00923F5B /* Main.storyboard in Resources */ = {isa = PBXBuildFile; fileRef = D04A7BEA233E5C1D00923F5B /* Main.storyboard */; };
		D04A7BEE233E5C1F00923F5B /* Assets.xcassets in Resources */ = {isa = PBXBuildFile; fileRef = D04A7BED233E5C1F00923F5B /* Assets.xcassets */; };
		D04A7BF1233E5C1F00923F5B /* LaunchScreen.storyboard in Resources */ = {isa = PBXBuildFile; fileRef = D04A7BEF233E5C1F00923F5B /* LaunchScreen.storyboard */; };
		D069845623539F9700876083 /* Player.swift in Sources */ = {isa = PBXBuildFile; fileRef = D069845523539F9700876083 /* Player.swift */; };
		D09BAD89234271EE00E42A92 /* Connect.swift in Sources */ = {isa = PBXBuildFile; fileRef = D09BAD88234271EE00E42A92 /* Connect.swift */; };
		D09BAD8B23427AC900E42A92 /* UserInfo.swift in Sources */ = {isa = PBXBuildFile; fileRef = D09BAD8A23427AC900E42A92 /* UserInfo.swift */; };
		D09BAD8D2342830F00E42A92 /* MessageJSON.swift in Sources */ = {isa = PBXBuildFile; fileRef = D09BAD8C2342830F00E42A92 /* MessageJSON.swift */; };
		D09BAD8F2343C6BC00E42A92 /* AlertVisible.swift in Sources */ = {isa = PBXBuildFile; fileRef = D09BAD8E2343C6BC00E42A92 /* AlertVisible.swift */; };
		D09E3C8F2347B7CB00455AFC /* NextMatch.swift in Sources */ = {isa = PBXBuildFile; fileRef = D09E3C8E2347B7CB00455AFC /* NextMatch.swift */; };
		D09E3C912347B86200455AFC /* PrevMatch.swift in Sources */ = {isa = PBXBuildFile; fileRef = D09E3C902347B86200455AFC /* PrevMatch.swift */; };
		D0A7F902234F14A20003D5C7 /* CalendarCell.swift in Sources */ = {isa = PBXBuildFile; fileRef = D0A7F901234F14A20003D5C7 /* CalendarCell.swift */; };
		D0A7F904234F6A290003D5C7 /* ContainerViewController.swift in Sources */ = {isa = PBXBuildFile; fileRef = D0A7F903234F6A290003D5C7 /* ContainerViewController.swift */; };
		D0A7F908234F6A9F0003D5C7 /* MenuViewController.swift in Sources */ = {isa = PBXBuildFile; fileRef = D0A7F907234F6A9F0003D5C7 /* MenuViewController.swift */; };
		D0A7F90A234F85890003D5C7 /* MenuController.swift in Sources */ = {isa = PBXBuildFile; fileRef = D0A7F909234F85890003D5C7 /* MenuController.swift */; };
		D0A7F90C23522C8D0003D5C7 /* MatchController.swift in Sources */ = {isa = PBXBuildFile; fileRef = D0A7F90B23522C8D0003D5C7 /* MatchController.swift */; };
		D0CA228F23465C6400AE10F5 /* TabBarMainController.swift in Sources */ = {isa = PBXBuildFile; fileRef = D0CA228E23465C6400AE10F5 /* TabBarMainController.swift */; };
		D0CA229123465CAD00AE10F5 /* ResultController.swift in Sources */ = {isa = PBXBuildFile; fileRef = D0CA229023465CAD00AE10F5 /* ResultController.swift */; };
		D0CA229323465CCB00AE10F5 /* TournamentTableController.swift in Sources */ = {isa = PBXBuildFile; fileRef = D0CA229223465CCB00AE10F5 /* TournamentTableController.swift */; };
		D0CA2295234697C300AE10F5 /* TournamentTable.swift in Sources */ = {isa = PBXBuildFile; fileRef = D0CA2294234697C300AE10F5 /* TournamentTable.swift */; };
		D0CF165B234934E1005ACC93 /* CalendarController.swift in Sources */ = {isa = PBXBuildFile; fileRef = D0CF165A234934E1005ACC93 /* CalendarController.swift */; };
		D0CF165F234A0BDD005ACC93 /* TournamentCell.swift in Sources */ = {isa = PBXBuildFile; fileRef = D0CF165E234A0BDD005ACC93 /* TournamentCell.swift */; };
		D0CF1661234A2860005ACC93 /* ResultCell.swift in Sources */ = {isa = PBXBuildFile; fileRef = D0CF1660234A2860005ACC93 /* ResultCell.swift */; };
		D0E3614F235627AB0086F3F3 /* HomeTeamController.swift in Sources */ = {isa = PBXBuildFile; fileRef = D0E3614E235627AB0086F3F3 /* HomeTeamController.swift */; };
		D0E36151235627C20086F3F3 /* GuestTeamController.swift in Sources */ = {isa = PBXBuildFile; fileRef = D0E36150235627C20086F3F3 /* GuestTeamController.swift */; };
		D0E36153235659430086F3F3 /* PlayerInMatch.swift in Sources */ = {isa = PBXBuildFile; fileRef = D0E36152235659430086F3F3 /* PlayerInMatch.swift */; };
/* End PBXBuildFile section */

/* Begin PBXFileReference section */
		710428981A31B788C61F9FAE /* Pods-Exider.org.debug.xcconfig */ = {isa = PBXFileReference; includeInIndex = 1; lastKnownFileType = text.xcconfig; name = "Pods-Exider.org.debug.xcconfig"; path = "Target Support Files/Pods-Exider.org/Pods-Exider.org.debug.xcconfig"; sourceTree = "<group>"; };
		8FB56D92B649013C33CA09C7 /* Pods-Exider.org.release.xcconfig */ = {isa = PBXFileReference; includeInIndex = 1; lastKnownFileType = text.xcconfig; name = "Pods-Exider.org.release.xcconfig"; path = "Target Support Files/Pods-Exider.org/Pods-Exider.org.release.xcconfig"; sourceTree = "<group>"; };
		C12D7760E304F5188E782C6F /* Pods_Exider_org.framework */ = {isa = PBXFileReference; explicitFileType = wrapper.framework; includeInIndex = 0; path = Pods_Exider_org.framework; sourceTree = BUILT_PRODUCTS_DIR; };
		D0117884233F787200773E34 /* RegisterViewController.swift */ = {isa = PBXFileReference; lastKnownFileType = sourcecode.swift; path = RegisterViewController.swift; sourceTree = "<group>"; };
		D0117886233F7B8900773E34 /* MainViewController.swift */ = {isa = PBXFileReference; lastKnownFileType = sourcecode.swift; path = MainViewController.swift; sourceTree = "<group>"; };
		D04A7BE3233E5C1D00923F5B /* Exider.org.app */ = {isa = PBXFileReference; explicitFileType = wrapper.application; includeInIndex = 0; path = Exider.org.app; sourceTree = BUILT_PRODUCTS_DIR; };
		D04A7BE6233E5C1D00923F5B /* AppDelegate.swift */ = {isa = PBXFileReference; lastKnownFileType = sourcecode.swift; path = AppDelegate.swift; sourceTree = "<group>"; };
		D04A7BE8233E5C1D00923F5B /* ViewController.swift */ = {isa = PBXFileReference; lastKnownFileType = sourcecode.swift; path = ViewController.swift; sourceTree = "<group>"; };
		D04A7BEB233E5C1D00923F5B /* Base */ = {isa = PBXFileReference; lastKnownFileType = file.storyboard; name = Base; path = Base.lproj/Main.storyboard; sourceTree = "<group>"; };
		D04A7BED233E5C1F00923F5B /* Assets.xcassets */ = {isa = PBXFileReference; lastKnownFileType = folder.assetcatalog; path = Assets.xcassets; sourceTree = "<group>"; };
		D04A7BF0233E5C1F00923F5B /* Base */ = {isa = PBXFileReference; lastKnownFileType = file.storyboard; name = Base; path = Base.lproj/LaunchScreen.storyboard; sourceTree = "<group>"; };
		D04A7BF2233E5C1F00923F5B /* Info.plist */ = {isa = PBXFileReference; lastKnownFileType = text.plist.xml; path = Info.plist; sourceTree = "<group>"; };
		D069845523539F9700876083 /* Player.swift */ = {isa = PBXFileReference; lastKnownFileType = sourcecode.swift; path = Player.swift; sourceTree = "<group>"; };
		D09BAD88234271EE00E42A92 /* Connect.swift */ = {isa = PBXFileReference; lastKnownFileType = sourcecode.swift; path = Connect.swift; sourceTree = "<group>"; };
		D09BAD8A23427AC900E42A92 /* UserInfo.swift */ = {isa = PBXFileReference; lastKnownFileType = sourcecode.swift; path = UserInfo.swift; sourceTree = "<group>"; };
		D09BAD8C2342830F00E42A92 /* MessageJSON.swift */ = {isa = PBXFileReference; lastKnownFileType = sourcecode.swift; path = MessageJSON.swift; sourceTree = "<group>"; };
		D09BAD8E2343C6BC00E42A92 /* AlertVisible.swift */ = {isa = PBXFileReference; lastKnownFileType = sourcecode.swift; path = AlertVisible.swift; sourceTree = "<group>"; };
		D09E3C8E2347B7CB00455AFC /* NextMatch.swift */ = {isa = PBXFileReference; lastKnownFileType = sourcecode.swift; path = NextMatch.swift; sourceTree = "<group>"; };
		D09E3C902347B86200455AFC /* PrevMatch.swift */ = {isa = PBXFileReference; lastKnownFileType = sourcecode.swift; path = PrevMatch.swift; sourceTree = "<group>"; };
		D0A7F901234F14A20003D5C7 /* CalendarCell.swift */ = {isa = PBXFileReference; lastKnownFileType = sourcecode.swift; path = CalendarCell.swift; sourceTree = "<group>"; };
		D0A7F903234F6A290003D5C7 /* ContainerViewController.swift */ = {isa = PBXFileReference; lastKnownFileType = sourcecode.swift; path = ContainerViewController.swift; sourceTree = "<group>"; };
		D0A7F907234F6A9F0003D5C7 /* MenuViewController.swift */ = {isa = PBXFileReference; lastKnownFileType = sourcecode.swift; path = MenuViewController.swift; sourceTree = "<group>"; };
		D0A7F909234F85890003D5C7 /* MenuController.swift */ = {isa = PBXFileReference; lastKnownFileType = sourcecode.swift; path = MenuController.swift; sourceTree = "<group>"; };
		D0A7F90B23522C8D0003D5C7 /* MatchController.swift */ = {isa = PBXFileReference; lastKnownFileType = sourcecode.swift; path = MatchController.swift; sourceTree = "<group>"; };
		D0CA228E23465C6400AE10F5 /* TabBarMainController.swift */ = {isa = PBXFileReference; lastKnownFileType = sourcecode.swift; path = TabBarMainController.swift; sourceTree = "<group>"; };
		D0CA229023465CAD00AE10F5 /* ResultController.swift */ = {isa = PBXFileReference; lastKnownFileType = sourcecode.swift; path = ResultController.swift; sourceTree = "<group>"; };
		D0CA229223465CCB00AE10F5 /* TournamentTableController.swift */ = {isa = PBXFileReference; lastKnownFileType = sourcecode.swift; path = TournamentTableController.swift; sourceTree = "<group>"; };
		D0CA2294234697C300AE10F5 /* TournamentTable.swift */ = {isa = PBXFileReference; lastKnownFileType = sourcecode.swift; path = TournamentTable.swift; sourceTree = "<group>"; };
		D0CF165A234934E1005ACC93 /* CalendarController.swift */ = {isa = PBXFileReference; lastKnownFileType = sourcecode.swift; path = CalendarController.swift; sourceTree = "<group>"; };
		D0CF165E234A0BDD005ACC93 /* TournamentCell.swift */ = {isa = PBXFileReference; lastKnownFileType = sourcecode.swift; path = TournamentCell.swift; sourceTree = "<group>"; };
		D0CF1660234A2860005ACC93 /* ResultCell.swift */ = {isa = PBXFileReference; lastKnownFileType = sourcecode.swift; path = ResultCell.swift; sourceTree = "<group>"; };
		D0E3614E235627AB0086F3F3 /* HomeTeamController.swift */ = {isa = PBXFileReference; lastKnownFileType = sourcecode.swift; path = HomeTeamController.swift; sourceTree = "<group>"; };
		D0E36150235627C20086F3F3 /* GuestTeamController.swift */ = {isa = PBXFileReference; lastKnownFileType = sourcecode.swift; path = GuestTeamController.swift; sourceTree = "<group>"; };
		D0E36152235659430086F3F3 /* PlayerInMatch.swift */ = {isa = PBXFileReference; lastKnownFileType = sourcecode.swift; path = PlayerInMatch.swift; sourceTree = "<group>"; };
/* End PBXFileReference section */

/* Begin PBXFrameworksBuildPhase section */
		D04A7BE0233E5C1D00923F5B /* Frameworks */ = {
			isa = PBXFrameworksBuildPhase;
			buildActionMask = 2147483647;
			files = (
				AE33352AC64D774581B089EF /* Pods_Exider_org.framework in Frameworks */,
			);
			runOnlyForDeploymentPostprocessing = 0;
		};
/* End PBXFrameworksBuildPhase section */

/* Begin PBXGroup section */
		B233A5B43C84957B9444543E /* Frameworks */ = {
			isa = PBXGroup;
			children = (
				C12D7760E304F5188E782C6F /* Pods_Exider_org.framework */,
			);
			name = Frameworks;
			sourceTree = "<group>";
		};
		CB2B2DDD8CDEE2DDA20B4CCC /* Pods */ = {
			isa = PBXGroup;
			children = (
				710428981A31B788C61F9FAE /* Pods-Exider.org.debug.xcconfig */,
				8FB56D92B649013C33CA09C7 /* Pods-Exider.org.release.xcconfig */,
			);
			path = Pods;
			sourceTree = "<group>";
		};
		D04A7BDA233E5C1D00923F5B = {
			isa = PBXGroup;
			children = (
				D04A7BE5233E5C1D00923F5B /* HelloWorld */,
				D04A7BE4233E5C1D00923F5B /* Products */,
				CB2B2DDD8CDEE2DDA20B4CCC /* Pods */,
				B233A5B43C84957B9444543E /* Frameworks */,
			);
			sourceTree = "<group>";
		};
		D04A7BE4233E5C1D00923F5B /* Products */ = {
			isa = PBXGroup;
			children = (
				D04A7BE3233E5C1D00923F5B /* Exider.org.app */,
			);
			name = Products;
			sourceTree = "<group>";
		};
		D04A7BE5233E5C1D00923F5B /* HelloWorld */ = {
			isa = PBXGroup;
			children = (
				D09BAD87234271AF00E42A92 /* Classes */,
				D0A7F903234F6A290003D5C7 /* ContainerViewController.swift */,
				D0A7F907234F6A9F0003D5C7 /* MenuViewController.swift */,
				D0A7F909234F85890003D5C7 /* MenuController.swift */,
				D0CF165C23493668005ACC93 /* MainScreen */,
				D04A7BE6233E5C1D00923F5B /* AppDelegate.swift */,
				D04A7BE8233E5C1D00923F5B /* ViewController.swift */,
				D0117884233F787200773E34 /* RegisterViewController.swift */,
				D0117886233F7B8900773E34 /* MainViewController.swift */,
				D0E3614D235627630086F3F3 /* MatchDetail */,
				D04A7BEA233E5C1D00923F5B /* Main.storyboard */,
				D04A7BED233E5C1F00923F5B /* Assets.xcassets */,
				D04A7BEF233E5C1F00923F5B /* LaunchScreen.storyboard */,
				D04A7BF2233E5C1F00923F5B /* Info.plist */,
			);
			path = HelloWorld;
			sourceTree = "<group>";
		};
		D09BAD87234271AF00E42A92 /* Classes */ = {
			isa = PBXGroup;
			children = (
				D09BAD88234271EE00E42A92 /* Connect.swift */,
				D09BAD8A23427AC900E42A92 /* UserInfo.swift */,
				D09BAD8C2342830F00E42A92 /* MessageJSON.swift */,
				D09BAD8E2343C6BC00E42A92 /* AlertVisible.swift */,
				D0CA2294234697C300AE10F5 /* TournamentTable.swift */,
				D09E3C8E2347B7CB00455AFC /* NextMatch.swift */,
				D09E3C902347B86200455AFC /* PrevMatch.swift */,
				D069845523539F9700876083 /* Player.swift */,
				D0E36152235659430086F3F3 /* PlayerInMatch.swift */,
			);
			name = Classes;
			sourceTree = "<group>";
		};
		D0CF165C23493668005ACC93 /* MainScreen */ = {
			isa = PBXGroup;
			children = (
				D0CA228E23465C6400AE10F5 /* TabBarMainController.swift */,
				D0CF165A234934E1005ACC93 /* CalendarController.swift */,
				D0A7F901234F14A20003D5C7 /* CalendarCell.swift */,
				D0CA229023465CAD00AE10F5 /* ResultController.swift */,
				D0CF1660234A2860005ACC93 /* ResultCell.swift */,
				D0CA229223465CCB00AE10F5 /* TournamentTableController.swift */,
				D0CF165E234A0BDD005ACC93 /* TournamentCell.swift */,
			);
			name = MainScreen;
			sourceTree = "<group>";
		};
		D0E3614D235627630086F3F3 /* MatchDetail */ = {
			isa = PBXGroup;
			children = (
				D0A7F90B23522C8D0003D5C7 /* MatchController.swift */,
				D0E3614E235627AB0086F3F3 /* HomeTeamController.swift */,
				D0E36150235627C20086F3F3 /* GuestTeamController.swift */,
			);
			name = MatchDetail;
			sourceTree = "<group>";
		};
/* End PBXGroup section */

/* Begin PBXNativeTarget section */
		D04A7BE2233E5C1D00923F5B /* Exider.org */ = {
			isa = PBXNativeTarget;
			buildConfigurationList = D04A7BF5233E5C1F00923F5B /* Build configuration list for PBXNativeTarget "Exider.org" */;
			buildPhases = (
				57096D429B9D3D27CA88E87C /* [CP] Check Pods Manifest.lock */,
				D04A7BDF233E5C1D00923F5B /* Sources */,
				D04A7BE0233E5C1D00923F5B /* Frameworks */,
				D04A7BE1233E5C1D00923F5B /* Resources */,
				2CDD2581AA0B8C7C375B5097 /* [CP] Embed Pods Frameworks */,
			);
			buildRules = (
			);
			dependencies = (
			);
			name = Exider.org;
			productName = HelloWorld;
			productReference = D04A7BE3233E5C1D00923F5B /* Exider.org.app */;
			productType = "com.apple.product-type.application";
		};
/* End PBXNativeTarget section */

/* Begin PBXProject section */
		D04A7BDB233E5C1D00923F5B /* Project object */ = {
			isa = PBXProject;
			attributes = {
				LastSwiftUpdateCheck = 1030;
				LastUpgradeCheck = 1030;
				ORGANIZATIONNAME = "Mark Glushko";
				TargetAttributes = {
					D04A7BE2233E5C1D00923F5B = {
						CreatedOnToolsVersion = 10.3;
						LastSwiftMigration = 1100;
					};
				};
			};
			buildConfigurationList = D04A7BDE233E5C1D00923F5B /* Build configuration list for PBXProject "Exider.org" */;
			compatibilityVersion = "Xcode 11.0";
			developmentRegion = en;
			hasScannedForEncodings = 0;
			knownRegions = (
				en,
				Base,
			);
			mainGroup = D04A7BDA233E5C1D00923F5B;
			productRefGroup = D04A7BE4233E5C1D00923F5B /* Products */;
			projectDirPath = "";
			projectRoot = "";
			targets = (
				D04A7BE2233E5C1D00923F5B /* Exider.org */,
			);
		};
/* End PBXProject section */

/* Begin PBXResourcesBuildPhase section */
		D04A7BE1233E5C1D00923F5B /* Resources */ = {
			isa = PBXResourcesBuildPhase;
			buildActionMask = 2147483647;
			files = (
				D04A7BF1233E5C1F00923F5B /* LaunchScreen.storyboard in Resources */,
				D04A7BEE233E5C1F00923F5B /* Assets.xcassets in Resources */,
				D04A7BEC233E5C1D00923F5B /* Main.storyboard in Resources */,
			);
			runOnlyForDeploymentPostprocessing = 0;
		};
/* End PBXResourcesBuildPhase section */

/* Begin PBXShellScriptBuildPhase section */
		2CDD2581AA0B8C7C375B5097 /* [CP] Embed Pods Frameworks */ = {
			isa = PBXShellScriptBuildPhase;
			buildActionMask = 2147483647;
			files = (
			);
			inputFileListPaths = (
				"${PODS_ROOT}/Target Support Files/Pods-Exider.org/Pods-Exider.org-frameworks-${CONFIGURATION}-input-files.xcfilelist",
			);
			name = "[CP] Embed Pods Frameworks";
			outputFileListPaths = (
				"${PODS_ROOT}/Target Support Files/Pods-Exider.org/Pods-Exider.org-frameworks-${CONFIGURATION}-output-files.xcfilelist",
			);
			runOnlyForDeploymentPostprocessing = 0;
			shellPath = /bin/sh;
			shellScript = "\"${PODS_ROOT}/Target Support Files/Pods-Exider.org/Pods-Exider.org-frameworks.sh\"\n";
			showEnvVarsInLog = 0;
		};
		57096D429B9D3D27CA88E87C /* [CP] Check Pods Manifest.lock */ = {
			isa = PBXShellScriptBuildPhase;
			buildActionMask = 2147483647;
			files = (
			);
			inputFileListPaths = (
			);
			inputPaths = (
				"${PODS_PODFILE_DIR_PATH}/Podfile.lock",
				"${PODS_ROOT}/Manifest.lock",
			);
			name = "[CP] Check Pods Manifest.lock";
			outputFileListPaths = (
			);
			outputPaths = (
				"$(DERIVED_FILE_DIR)/Pods-Exider.org-checkManifestLockResult.txt",
			);
			runOnlyForDeploymentPostprocessing = 0;
			shellPath = /bin/sh;
			shellScript = "diff \"${PODS_PODFILE_DIR_PATH}/Podfile.lock\" \"${PODS_ROOT}/Manifest.lock\" > /dev/null\nif [ $? != 0 ] ; then\n    # print error to STDERR\n    echo \"error: The sandbox is not in sync with the Podfile.lock. Run 'pod install' or update your CocoaPods installation.\" >&2\n    exit 1\nfi\n# This output is used by Xcode 'outputs' to avoid re-running this script phase.\necho \"SUCCESS\" > \"${SCRIPT_OUTPUT_FILE_0}\"\n";
			showEnvVarsInLog = 0;
		};
/* End PBXShellScriptBuildPhase section */

/* Begin PBXSourcesBuildPhase section */
		D04A7BDF233E5C1D00923F5B /* Sources */ = {
			isa = PBXSourcesBuildPhase;
			buildActionMask = 2147483647;
			files = (
				D0E36151235627C20086F3F3 /* GuestTeamController.swift in Sources */,
				D0117885233F787200773E34 /* RegisterViewController.swift in Sources */,
				D0CA228F23465C6400AE10F5 /* TabBarMainController.swift in Sources */,
				D0CA229123465CAD00AE10F5 /* ResultController.swift in Sources */,
				D09BAD8D2342830F00E42A92 /* MessageJSON.swift in Sources */,
				D069845623539F9700876083 /* Player.swift in Sources */,
				D09E3C8F2347B7CB00455AFC /* NextMatch.swift in Sources */,
				D0CF1661234A2860005ACC93 /* ResultCell.swift in Sources */,
				D0E3614F235627AB0086F3F3 /* HomeTeamController.swift in Sources */,
				D04A7BE9233E5C1D00923F5B /* ViewController.swift in Sources */,
				D0A7F90A234F85890003D5C7 /* MenuController.swift in Sources */,
				D0CA229323465CCB00AE10F5 /* TournamentTableController.swift in Sources */,
				D0CF165B234934E1005ACC93 /* CalendarController.swift in Sources */,
				D09BAD8F2343C6BC00E42A92 /* AlertVisible.swift in Sources */,
				D09E3C912347B86200455AFC /* PrevMatch.swift in Sources */,
				D0E36153235659430086F3F3 /* PlayerInMatch.swift in Sources */,
				D0A7F908234F6A9F0003D5C7 /* MenuViewController.swift in Sources */,
				D04A7BE7233E5C1D00923F5B /* AppDelegate.swift in Sources */,
				D0A7F904234F6A290003D5C7 /* ContainerViewController.swift in Sources */,
				D0A7F90C23522C8D0003D5C7 /* MatchController.swift in Sources */,
				D0117887233F7B8900773E34 /* MainViewController.swift in Sources */,
				D0A7F902234F14A20003D5C7 /* CalendarCell.swift in Sources */,
				D0CF165F234A0BDD005ACC93 /* TournamentCell.swift in Sources */,
				D0CA2295234697C300AE10F5 /* TournamentTable.swift in Sources */,
				D09BAD8B23427AC900E42A92 /* UserInfo.swift in Sources */,
				D09BAD89234271EE00E42A92 /* Connect.swift in Sources */,
			);
			runOnlyForDeploymentPostprocessing = 0;
		};
/* End PBXSourcesBuildPhase section */

/* Begin PBXVariantGroup section */
		D04A7BEA233E5C1D00923F5B /* Main.storyboard */ = {
			isa = PBXVariantGroup;
			children = (
				D04A7BEB233E5C1D00923F5B /* Base */,
			);
			name = Main.storyboard;
			sourceTree = "<group>";
		};
		D04A7BEF233E5C1F00923F5B /* LaunchScreen.storyboard */ = {
			isa = PBXVariantGroup;
			children = (
				D04A7BF0233E5C1F00923F5B /* Base */,
			);
			name = LaunchScreen.storyboard;
			sourceTree = "<group>";
		};
/* End PBXVariantGroup section */

/* Begin XCBuildConfiguration section */
		D04A7BF3233E5C1F00923F5B /* Debug */ = {
			isa = XCBuildConfiguration;
			buildSettings = {
				ALWAYS_SEARCH_USER_PATHS = NO;
				CLANG_ANALYZER_NONNULL = YES;
				CLANG_ANALYZER_NUMBER_OBJECT_CONVERSION = YES_AGGRESSIVE;
				CLANG_CXX_LANGUAGE_STANDARD = "gnu++14";
				CLANG_CXX_LIBRARY = "libc++";
				CLANG_ENABLE_MODULES = YES;
				CLANG_ENABLE_OBJC_ARC = YES;
				CLANG_ENABLE_OBJC_WEAK = YES;
				CLANG_WARN_BLOCK_CAPTURE_AUTORELEASING = YES;
				CLANG_WARN_BOOL_CONVERSION = YES;
				CLANG_WARN_COMMA = YES;
				CLANG_WARN_CONSTANT_CONVERSION = YES;
				CLANG_WARN_DEPRECATED_OBJC_IMPLEMENTATIONS = YES;
				CLANG_WARN_DIRECT_OBJC_ISA_USAGE = YES_ERROR;
				CLANG_WARN_DOCUMENTATION_COMMENTS = YES;
				CLANG_WARN_EMPTY_BODY = YES;
				CLANG_WARN_ENUM_CONVERSION = YES;
				CLANG_WARN_INFINITE_RECURSION = YES;
				CLANG_WARN_INT_CONVERSION = YES;
				CLANG_WARN_NON_LITERAL_NULL_CONVERSION = YES;
				CLANG_WARN_OBJC_IMPLICIT_RETAIN_SELF = YES;
				CLANG_WARN_OBJC_LITERAL_CONVERSION = YES;
				CLANG_WARN_OBJC_ROOT_CLASS = YES_ERROR;
				CLANG_WARN_RANGE_LOOP_ANALYSIS = YES;
				CLANG_WARN_STRICT_PROTOTYPES = YES;
				CLANG_WARN_SUSPICIOUS_MOVE = YES;
				CLANG_WARN_UNGUARDED_AVAILABILITY = YES_AGGRESSIVE;
				CLANG_WARN_UNREACHABLE_CODE = YES;
				CLANG_WARN__DUPLICATE_METHOD_MATCH = YES;
				CODE_SIGN_IDENTITY = "iPhone Developer";
				COPY_PHASE_STRIP = NO;
				DEBUG_INFORMATION_FORMAT = dwarf;
				ENABLE_STRICT_OBJC_MSGSEND = YES;
				ENABLE_TESTABILITY = YES;
				GCC_C_LANGUAGE_STANDARD = gnu11;
				GCC_DYNAMIC_NO_PIC = NO;
				GCC_NO_COMMON_BLOCKS = YES;
				GCC_OPTIMIZATION_LEVEL = 0;
				GCC_PREPROCESSOR_DEFINITIONS = (
					"DEBUG=1",
					"$(inherited)",
				);
				GCC_WARN_64_TO_32_BIT_CONVERSION = YES;
				GCC_WARN_ABOUT_RETURN_TYPE = YES_ERROR;
				GCC_WARN_UNDECLARED_SELECTOR = YES;
				GCC_WARN_UNINITIALIZED_AUTOS = YES_AGGRESSIVE;
				GCC_WARN_UNUSED_FUNCTION = YES;
				GCC_WARN_UNUSED_VARIABLE = YES;
				IPHONEOS_DEPLOYMENT_TARGET = 12.4;
				MTL_ENABLE_DEBUG_INFO = INCLUDE_SOURCE;
				MTL_FAST_MATH = YES;
				ONLY_ACTIVE_ARCH = YES;
				SDKROOT = iphoneos;
				SWIFT_ACTIVE_COMPILATION_CONDITIONS = DEBUG;
				SWIFT_OPTIMIZATION_LEVEL = "-Onone";
			};
			name = Debug;
		};
		D04A7BF4233E5C1F00923F5B /* Release */ = {
			isa = XCBuildConfiguration;
			buildSettings = {
				ALWAYS_SEARCH_USER_PATHS = NO;
				CLANG_ANALYZER_NONNULL = YES;
				CLANG_ANALYZER_NUMBER_OBJECT_CONVERSION = YES_AGGRESSIVE;
				CLANG_CXX_LANGUAGE_STANDARD = "gnu++14";
				CLANG_CXX_LIBRARY = "libc++";
				CLANG_ENABLE_MODULES = YES;
				CLANG_ENABLE_OBJC_ARC = YES;
				CLANG_ENABLE_OBJC_WEAK = YES;
				CLANG_WARN_BLOCK_CAPTURE_AUTORELEASING = YES;
				CLANG_WARN_BOOL_CONVERSION = YES;
				CLANG_WARN_COMMA = YES;
				CLANG_WARN_CONSTANT_CONVERSION = YES;
				CLANG_WARN_DEPRECATED_OBJC_IMPLEMENTATIONS = YES;
				CLANG_WARN_DIRECT_OBJC_ISA_USAGE = YES_ERROR;
				CLANG_WARN_DOCUMENTATION_COMMENTS = YES;
				CLANG_WARN_EMPTY_BODY = YES;
				CLANG_WARN_ENUM_CONVERSION = YES;
				CLANG_WARN_INFINITE_RECURSION = YES;
				CLANG_WARN_INT_CONVERSION = YES;
				CLANG_WARN_NON_LITERAL_NULL_CONVERSION = YES;
				CLANG_WARN_OBJC_IMPLICIT_RETAIN_SELF = YES;
				CLANG_WARN_OBJC_LITERAL_CONVERSION = YES;
				CLANG_WARN_OBJC_ROOT_CLASS = YES_ERROR;
				CLANG_WARN_RANGE_LOOP_ANALYSIS = YES;
				CLANG_WARN_STRICT_PROTOTYPES = YES;
				CLANG_WARN_SUSPICIOUS_MOVE = YES;
				CLANG_WARN_UNGUARDED_AVAILABILITY = YES_AGGRESSIVE;
				CLANG_WARN_UNREACHABLE_CODE = YES;
				CLANG_WARN__DUPLICATE_METHOD_MATCH = YES;
				CODE_SIGN_IDENTITY = "iPhone Developer";
				COPY_PHASE_STRIP = NO;
				DEBUG_INFORMATION_FORMAT = "dwarf-with-dsym";
				ENABLE_NS_ASSERTIONS = NO;
				ENABLE_STRICT_OBJC_MSGSEND = YES;
				GCC_C_LANGUAGE_STANDARD = gnu11;
				GCC_NO_COMMON_BLOCKS = YES;
				GCC_WARN_64_TO_32_BIT_CONVERSION = YES;
				GCC_WARN_ABOUT_RETURN_TYPE = YES_ERROR;
				GCC_WARN_UNDECLARED_SELECTOR = YES;
				GCC_WARN_UNINITIALIZED_AUTOS = YES_AGGRESSIVE;
				GCC_WARN_UNUSED_FUNCTION = YES;
				GCC_WARN_UNUSED_VARIABLE = YES;
				IPHONEOS_DEPLOYMENT_TARGET = 12.4;
				MTL_ENABLE_DEBUG_INFO = NO;
				MTL_FAST_MATH = YES;
				SDKROOT = iphoneos;
				SWIFT_COMPILATION_MODE = wholemodule;
				SWIFT_OPTIMIZATION_LEVEL = "-O";
				VALIDATE_PRODUCT = YES;
			};
			name = Release;
		};
		D04A7BF6233E5C1F00923F5B /* Debug */ = {
			isa = XCBuildConfiguration;
			baseConfigurationReference = 710428981A31B788C61F9FAE /* Pods-Exider.org.debug.xcconfig */;
			buildSettings = {
				ASSETCATALOG_COMPILER_APPICON_NAME = AppIcon;
				CODE_SIGN_STYLE = Automatic;
				DEVELOPMENT_TEAM = UU3A9VHCNA;
				INFOPLIST_FILE = HelloWorld/Info.plist;
				IPHONEOS_DEPLOYMENT_TARGET = 13.0;
				LD_RUNPATH_SEARCH_PATHS = (
					"$(inherited)",
					"@executable_path/Frameworks",
				);
				PRODUCT_BUNDLE_IDENTIFIER = com.markglushko.amateurLiga;
				PRODUCT_NAME = "$(TARGET_NAME)";
				SWIFT_VERSION = 4.2;
				TARGETED_DEVICE_FAMILY = "1,2";
			};
			name = Debug;
		};
		D04A7BF7233E5C1F00923F5B /* Release */ = {
			isa = XCBuildConfiguration;
			baseConfigurationReference = 8FB56D92B649013C33CA09C7 /* Pods-Exider.org.release.xcconfig */;
			buildSettings = {
				ASSETCATALOG_COMPILER_APPICON_NAME = AppIcon;
				CODE_SIGN_STYLE = Automatic;
				DEVELOPMENT_TEAM = UU3A9VHCNA;
				INFOPLIST_FILE = HelloWorld/Info.plist;
				IPHONEOS_DEPLOYMENT_TARGET = 13.0;
				LD_RUNPATH_SEARCH_PATHS = (
					"$(inherited)",
					"@executable_path/Frameworks",
				);
				PRODUCT_BUNDLE_IDENTIFIER = com.markglushko.amateurLiga;
				PRODUCT_NAME = "$(TARGET_NAME)";
				SWIFT_VERSION = 4.2;
				TARGETED_DEVICE_FAMILY = "1,2";
			};
			name = Release;
		};
/* End XCBuildConfiguration section */

/* Begin XCConfigurationList section */
		D04A7BDE233E5C1D00923F5B /* Build configuration list for PBXProject "Exider.org" */ = {
			isa = XCConfigurationList;
			buildConfigurations = (
				D04A7BF3233E5C1F00923F5B /* Debug */,
				D04A7BF4233E5C1F00923F5B /* Release */,
			);
			defaultConfigurationIsVisible = 0;
			defaultConfigurationName = Release;
		};
		D04A7BF5233E5C1F00923F5B /* Build configuration list for PBXNativeTarget "Exider.org" */ = {
			isa = XCConfigurationList;
			buildConfigurations = (
				D04A7BF6233E5C1F00923F5B /* Debug */,
				D04A7BF7233E5C1F00923F5B /* Release */,
			);
			defaultConfigurationIsVisible = 0;
			defaultConfigurationName = Release;
		};
/* End XCConfigurationList section */
	};
	rootObject = D04A7BDB233E5C1D00923F5B /* Project object */;
}
